// !$*UTF8*$!
{
	archiveVersion = 1;
	classes = {
	};
	objectVersion = 46;
	objects = {
/* Begin PBXBuildFile section */
		0207DA581B56EA530066E2B4 /* Images.xcassets in Resources */ = {isa = PBXBuildFile; fileRef = 0207DA571B56EA530066E2B4 /* Images.xcassets */; };
		04710AA7C20D4A6E860CC936 /* SafariServices.framework in Frameworks */ = {isa = PBXBuildFile; fileRef = 01A2187AAAF84423AB1FE356 /* SafariServices.framework */; settings = {ATTRIBUTES = (Weak, ); }; };
		05D12602CB3B44B59CF82781 /* FirebaseInstanceID.framework in Frameworks */ = {isa = PBXBuildFile; fileRef = 537A402897504CD1A586C569 /* FirebaseInstanceID.framework */; };
		1042DD866F814D4B84F27D93 /* FirebaseCrash.framework in Frameworks */ = {isa = PBXBuildFile; fileRef = 66E55A4D67BE40758DB19D43 /* FirebaseCrash.framework */; };
		1083D0CF63A14BCB8A4AE048 /* ImageIO.framework in Frameworks */ = {isa = PBXBuildFile; fileRef = 2A3FC0197E514CAEA23D638E /* ImageIO.framework */; settings = {ATTRIBUTES = (Weak, ); }; };
		117291455E4D4E6699130ACB /* GoogleService-Info.plist in Resources */ = {isa = PBXBuildFile; fileRef = 07F3944F488C40EAB3E47E84 /* GoogleService-Info.plist */; };
		156BFFE84A7742858BDAFBB4 /* CULPlugin.m in Sources */ = {isa = PBXBuildFile; fileRef = 1046B639265846EF8C30385A /* CULPlugin.m */; };
		15CF9F534F0944CFA60A1FEA /* CDVInAppBrowser.m in Sources */ = {isa = PBXBuildFile; fileRef = F77CE325ADBE44E6B5FF1EEA /* CDVInAppBrowser.m */; };
		16F5B1AE6BC449309B1AA69B /* CDVGlobalization.m in Sources */ = {isa = PBXBuildFile; fileRef = 8C819FCAA9FE419280A44149 /* CDVGlobalization.m */; };
		1D3623260D0F684500981E51 /* AppDelegate.m in Sources */ = {isa = PBXBuildFile; fileRef = 1D3623250D0F684500981E51 /* AppDelegate.m */; };
		1D60589B0D05DD56006BFB54 /* main.m in Sources */ = {isa = PBXBuildFile; fileRef = 29B97316FDCFA39411CA2CEA /* main.m */; };
		1FF36419D9F9408AA1673961 /* CDVInvokedUrlCommand+CULPlugin.m in Sources */ = {isa = PBXBuildFile; fileRef = D97E95DFD8D74A32AC829C14 /* CDVInvokedUrlCommand+CULPlugin.m */; };
		207DE2739A8F49E0BBF3F74E /* AppDelegate+CULPlugin.m in Sources */ = {isa = PBXBuildFile; fileRef = 07D83132E1654C2A8D51B98F /* AppDelegate+CULPlugin.m */; };
		29C098E47BBA4AD09CB059E8 /* CULConfigXmlParser.m in Sources */ = {isa = PBXBuildFile; fileRef = E1D50429404C4564B11632C5 /* CULConfigXmlParser.m */; };
		301BF552109A68D80062928A /* libCordova.a in Frameworks */ = {isa = PBXBuildFile; fileRef = 301BF535109A57CC0062928A /* libCordova.a */; };
		302D95F114D2391D003F00A1 /* MainViewController.m in Sources */ = {isa = PBXBuildFile; fileRef = 302D95EF14D2391D003F00A1 /* MainViewController.m */; };
		302D95F214D2391D003F00A1 /* MainViewController.xib in Resources */ = {isa = PBXBuildFile; fileRef = 302D95F014D2391D003F00A1 /* MainViewController.xib */; };
		334311F56DDB49FAAAC5C90F /* FirebasePlugin.m in Sources */ = {isa = PBXBuildFile; fileRef = 972E7772F3B14862984E8869 /* FirebasePlugin.m */; };
		3B6A71962D7540AF87DCA8B0 /* FirebaseNanoPB.framework in Frameworks */ = {isa = PBXBuildFile; fileRef = 4AD7294594CD42CA8A3322EB /* FirebaseNanoPB.framework */; };
		3DDAAA1098474E81A9B03A5A /* AudioToolbox.framework in Frameworks */ = {isa = PBXBuildFile; fileRef = 89818DBFF9A04D7EA5410501 /* AudioToolbox.framework */; settings = {ATTRIBUTES = (Weak, ); }; };
		3EAB0F434CCF41E9877D8B41 /* GoogleToolboxForMac.framework in Frameworks */ = {isa = PBXBuildFile; fileRef = 3A8C0763FAA24D11B96C2EC9 /* GoogleToolboxForMac.framework */; };
		43172C175757438F86D0A3C2 /* AVFoundation.framework in Frameworks */ = {isa = PBXBuildFile; fileRef = 01A95856E05443948778B387 /* AVFoundation.framework */; };
		52923DC05DB0448CAF334BDD /* CDVConnection.m in Sources */ = {isa = PBXBuildFile; fileRef = B3FCBEFF860849089ECB242E /* CDVConnection.m */; };
		589B4AC2466A4DA88EEC37C2 /* CDVNotification.m in Sources */ = {isa = PBXBuildFile; fileRef = ED285DC7D7FF483C9E805F22 /* CDVNotification.m */; };
		63F5007CD7AC483EA4CD6800 /* AppDelegate+FirebasePlugin.m in Sources */ = {isa = PBXBuildFile; fileRef = DAA85C0D1A1541519C8C497A /* AppDelegate+FirebasePlugin.m */; };
		687DE69784504A8FBD80BC5F /* CULXmlTags.m in Sources */ = {isa = PBXBuildFile; fileRef = AA89A9C1A5F647BD87E009EA /* CULXmlTags.m */; };
		6AFF5BF91D6E424B00AB3073 /* CDVLaunchScreen.storyboard in Resources */ = {isa = PBXBuildFile; fileRef = 6AFF5BF81D6E424B00AB3073 /* CDVLaunchScreen.storyboard */; };
		6B306998DDF447F78B3CD87E /* CDVJpegHeaderWriter.m in Sources */ = {isa = PBXBuildFile; fileRef = 62AED90970CB4553B4BB4FE9 /* CDVJpegHeaderWriter.m */; };
		6E8C10B5DD6E4A728480F1DB /* UIImage+CropScaleOrientation.m in Sources */ = {isa = PBXBuildFile; fileRef = 285E4AA3F171494D91671237 /* UIImage+CropScaleOrientation.m */; };
		72CB7D391D3F46ADBFB6AB29 /* CDVPluginResult+CULPlugin.m in Sources */ = {isa = PBXBuildFile; fileRef = 517DFC969B3E4C11AD794113 /* CDVPluginResult+CULPlugin.m */; };
		76D4820A52C547108487F241 /* CDVReachability.m in Sources */ = {isa = PBXBuildFile; fileRef = 1D46A093BD9B4E28BCB6309C /* CDVReachability.m */; };
		7873921C69D14A3E8C91EDE4 /* SystemConfiguration.framework in Frameworks */ = {isa = PBXBuildFile; fileRef = BF35442783B14492881D928A /* SystemConfiguration.framework */; settings = {ATTRIBUTES = (Weak, ); }; };
		78E1BC5A632845E69BE5C4BE /* FirebaseCore.framework in Frameworks */ = {isa = PBXBuildFile; fileRef = 7A65093D080C4DB7A7CEE129 /* FirebaseCore.framework */; };
		810CEC1ED7934255B17FBDDB /* CDVNotification.bundle in Resources */ = {isa = PBXBuildFile; fileRef = 062B6BCCDE224680A4924F49 /* CDVNotification.bundle */; };
		82F0A7BE910A4F2CBFF2430F /* FirebaseRemoteConfig.framework in Frameworks */ = {isa = PBXBuildFile; fileRef = F647D5F33B3848C3A3F7132F /* FirebaseRemoteConfig.framework */; };
		852F8AE6188049BAA73BF60E /* CDVSplashScreen.m in Sources */ = {isa = PBXBuildFile; fileRef = 4655490FDEA3470AB0A80CE2 /* CDVSplashScreen.m */; };
		91005EF80C2149F0906F5412 /* FirebaseCoreDiagnostics.framework in Frameworks */ = {isa = PBXBuildFile; fileRef = 68EE3914CC1041BFAA6F01D1 /* FirebaseCoreDiagnostics.framework */; };
		97DCBBB247EE4EE1AE85F25D /* nanopb.framework in Frameworks */ = {isa = PBXBuildFile; fileRef = AAD974212ADC492DA9D18C45 /* nanopb.framework */; };
		A2E4309B2C134BB0ABF8FB67 /* CDVVibration.m in Sources */ = {isa = PBXBuildFile; fileRef = F99BAEC4716A48F5B0DAE4B7 /* CDVVibration.m */; };
		A3A306454F0B4034B79A57CB /* FirebaseABTesting.framework in Frameworks */ = {isa = PBXBuildFile; fileRef = 619505E5A75D4C7B8C989E52 /* FirebaseABTesting.framework */; };
		A3DEEEB5C58F439DB1F50ADB /* CDVBuildInfo.m in Sources */ = {isa = PBXBuildFile; fileRef = 53818BE8CC7242ADADC027A1 /* CDVBuildInfo.m */; };
		A9E7905DEDF94A35B67F32A2 /* FirebasePerformance.framework in Frameworks */ = {isa = PBXBuildFile; fileRef = 10E5AA68C13348CC99772716 /* FirebasePerformance.framework */; };
		ADF0513EDF1E4F66A71CCD61 /* CULPath.m in Sources */ = {isa = PBXBuildFile; fileRef = 81E99622672D4B0CA435F5F0 /* CULPath.m */; };
		BBDEDEE354424F3A89B5F06D /* CDVViewController+SplashScreen.m in Sources */ = {isa = PBXBuildFile; fileRef = B375425D1EDC49348D3F3932 /* CDVViewController+SplashScreen.m */; };
		BBF255C2CA914A45A683AED6 /* Protobuf.framework in Frameworks */ = {isa = PBXBuildFile; fileRef = CBB661EDDCF84214B556ED9B /* Protobuf.framework */; };
		C23DA4818A2D46D1BC75F384 /* FirebaseAuth.framework in Frameworks */ = {isa = PBXBuildFile; fileRef = F03105475F3347689941E1F0 /* FirebaseAuth.framework */; };
		C4E907B4229049D58D99532A /* CDVBattery.m in Sources */ = {isa = PBXBuildFile; fileRef = DFEFAEF9D1674F06B6FBD6F9 /* CDVBattery.m */; };
		CC009CDEBEBD4D8998033004 /* FirebaseMethodSwizzler.framework in Frameworks */ = {isa = PBXBuildFile; fileRef = 3CA9A1C686CF4C4090894A26 /* FirebaseMethodSwizzler.framework */; };
		CF49EDD6C7B9466CAADEAF14 /* CoreTelephony.framework in Frameworks */ = {isa = PBXBuildFile; fileRef = 86C3765986BD4697A81922F4 /* CoreTelephony.framework */; };
		D011F070DB794A29BFD231BF /* CoreLocation.framework in Frameworks */ = {isa = PBXBuildFile; fileRef = 5155CA3A18FB4A96AFBEB56A /* CoreLocation.framework */; };
		D7ECADBE79FE40B8B2AF6C6A /* CBTBrowserTab.m in Sources */ = {isa = PBXBuildFile; fileRef = FDC7C092CA5A4F7BBACF05FA /* CBTBrowserTab.m */; };
		DD3D0BF092E442F28AAB934E /* CDVCamera.m in Sources */ = {isa = PBXBuildFile; fileRef = 9407AD3F6C5C485B9B2A3C6A /* CDVCamera.m */; };
		E144A91E12D14A199E520BC7 /* NSBundle+CULPlugin.m in Sources */ = {isa = PBXBuildFile; fileRef = 22A19BC72226465BA3B7882D /* NSBundle+CULPlugin.m */; };
		E14BA6B3973A47F6855DE778 /* FirebaseMessaging.framework in Frameworks */ = {isa = PBXBuildFile; fileRef = 2E19F4127A2647B3B40159FB /* FirebaseMessaging.framework */; };
		E5CC04D525EE4027B7F8C1D7 /* InfluenceMe.entitlements in Resources */ = {isa = PBXBuildFile; fileRef = DA37F725A47F439999036250 /* InfluenceMe.entitlements */; };
		E731E84B91C84ED6B23EC6A4 /* CULHost.m in Sources */ = {isa = PBXBuildFile; fileRef = CA7EDC6606CB493CB3929294 /* CULHost.m */; };
		E7B889C5AFFF4BD687E0C798 /* GTMSessionFetcher.framework in Frameworks */ = {isa = PBXBuildFile; fileRef = A4CD6E024E7B44EF998D0AA8 /* GTMSessionFetcher.framework */; };
		E9725884402C41958D1D35ED /* FirebaseISASwizzler.framework in Frameworks */ = {isa = PBXBuildFile; fileRef = 84BDA84404FB498EAF924573 /* FirebaseISASwizzler.framework */; };
		EE761E8256064010B51AC89C /* CDVDevice.m in Sources */ = {isa = PBXBuildFile; fileRef = 024D2C3E32EB49EF87913E29 /* CDVDevice.m */; };
		F2F7E15C66F14554879DC8A4 /* libz.tbd in Frameworks */ = {isa = PBXBuildFile; fileRef = 44CC4AABF4724D1E85846C70 /* libz.tbd */; };
		F3BCA4D220B64D519883EFD9 /* CDVLocation.m in Sources */ = {isa = PBXBuildFile; fileRef = 615426E2F1484671A574E0D5 /* CDVLocation.m */; };
		F97C8F68EE904B76B884B6DA /* FirebaseAnalytics.framework in Frameworks */ = {isa = PBXBuildFile; fileRef = B284220FC3B74F92B246BFEB /* FirebaseAnalytics.framework */; };
/* End PBXBuildFile section */

/* Begin PBXContainerItemProxy section */
		301BF534109A57CC0062928A /* PBXContainerItemProxy */ = {
			isa = PBXContainerItemProxy;
			containerPortal = 301BF52D109A57CC0062928A /* CordovaLib/CordovaLib.xcodeproj */;
			proxyType = 2;
			remoteGlobalIDString = D2AAC07E0554694100DB518D;
			remoteInfo = CordovaLib;
		};
		301BF550109A68C00062928A /* PBXContainerItemProxy */ = {
			isa = PBXContainerItemProxy;
			containerPortal = 301BF52D109A57CC0062928A /* CordovaLib/CordovaLib.xcodeproj */;
			proxyType = 1;
			remoteGlobalIDString = D2AAC07D0554694100DB518D;
			remoteInfo = CordovaLib;
		};
		BA697F642098802100818A46 /* PBXContainerItemProxy */ = {
			isa = PBXContainerItemProxy;
			containerPortal = 301BF52D109A57CC0062928A /* CordovaLib/CordovaLib.xcodeproj */;
			proxyType = 2;
			remoteGlobalIDString = C0C01EB21E3911D50056E6CB;
			remoteInfo = Cordova;
		};
/* End PBXContainerItemProxy section */

/* Begin PBXFileReference section */
		01A2187AAAF84423AB1FE356 /* SafariServices.framework */ = {isa = PBXFileReference; explicitFileType = undefined; fileEncoding = 9; includeInIndex = 0; lastKnownFileType = wrapper.framework; name = SafariServices.framework; path = System/Library/Frameworks/SafariServices.framework; sourceTree = SDKROOT; };
		01A95856E05443948778B387 /* AVFoundation.framework */ = {isa = PBXFileReference; explicitFileType = undefined; fileEncoding = 9; includeInIndex = 0; lastKnownFileType = wrapper.framework; name = AVFoundation.framework; path = System/Library/Frameworks/AVFoundation.framework; sourceTree = SDKROOT; };
		0207DA571B56EA530066E2B4 /* Images.xcassets */ = {isa = PBXFileReference; lastKnownFileType = folder.assetcatalog; name = Images.xcassets; path = InfluenceMe/Images.xcassets; sourceTree = SOURCE_ROOT; };
		024D2C3E32EB49EF87913E29 /* CDVDevice.m */ = {isa = PBXFileReference; explicitFileType = undefined; fileEncoding = 4; includeInIndex = 0; lastKnownFileType = sourcecode.c.objc; name = CDVDevice.m; path = "cordova-plugin-device/CDVDevice.m"; sourceTree = "<group>"; };
		062B6BCCDE224680A4924F49 /* CDVNotification.bundle */ = {isa = PBXFileReference; explicitFileType = undefined; fileEncoding = 9; includeInIndex = 0; lastKnownFileType = "wrapper.plug-in"; path = CDVNotification.bundle; sourceTree = "<group>"; };
		07D83132E1654C2A8D51B98F /* AppDelegate+CULPlugin.m */ = {isa = PBXFileReference; explicitFileType = undefined; fileEncoding = 4; includeInIndex = 0; lastKnownFileType = sourcecode.c.objc; name = "AppDelegate+CULPlugin.m"; path = "cordova-universal-links-plugin/AppDelegate+CULPlugin.m"; sourceTree = "<group>"; };
		07F3944F488C40EAB3E47E84 /* GoogleService-Info.plist */ = {isa = PBXFileReference; explicitFileType = undefined; fileEncoding = 4; includeInIndex = 0; lastKnownFileType = text.plist.xml; path = "GoogleService-Info.plist"; sourceTree = "<group>"; };
		0E072DF8E2724E1E903FC124 /* CDVVibration.h */ = {isa = PBXFileReference; explicitFileType = undefined; fileEncoding = 4; includeInIndex = 0; lastKnownFileType = sourcecode.c.h; name = CDVVibration.h; path = "cordova-plugin-vibration/CDVVibration.h"; sourceTree = "<group>"; };
		1046B639265846EF8C30385A /* CULPlugin.m */ = {isa = PBXFileReference; explicitFileType = undefined; fileEncoding = 4; includeInIndex = 0; lastKnownFileType = sourcecode.c.objc; name = CULPlugin.m; path = "cordova-universal-links-plugin/CULPlugin.m"; sourceTree = "<group>"; };
		10E5AA68C13348CC99772716 /* FirebasePerformance.framework */ = {isa = PBXFileReference; explicitFileType = undefined; fileEncoding = 9; includeInIndex = 0; lastKnownFileType = wrapper.framework; name = FirebasePerformance.framework; path = "InfluenceMe/Plugins/cordova-plugin-firebase/FirebasePerformance.framework"; sourceTree = "<group>"; };
		1699D2C01B684980B66233AC /* FirebasePlugin.h */ = {isa = PBXFileReference; explicitFileType = undefined; fileEncoding = 4; includeInIndex = 0; lastKnownFileType = sourcecode.c.h; name = FirebasePlugin.h; path = "cordova-plugin-firebase/FirebasePlugin.h"; sourceTree = "<group>"; };
		18AE86DC61C1406A81114F16 /* CDVNotification.h */ = {isa = PBXFileReference; explicitFileType = undefined; fileEncoding = 4; includeInIndex = 0; lastKnownFileType = sourcecode.c.h; name = CDVNotification.h; path = "cordova-plugin-dialogs/CDVNotification.h"; sourceTree = "<group>"; };
		1D3623240D0F684500981E51 /* AppDelegate.h */ = {isa = PBXFileReference; fileEncoding = 4; lastKnownFileType = sourcecode.c.h; path = AppDelegate.h; sourceTree = "<group>"; };
		1D3623250D0F684500981E51 /* AppDelegate.m */ = {isa = PBXFileReference; fileEncoding = 4; lastKnownFileType = sourcecode.c.objc; path = AppDelegate.m; sourceTree = "<group>"; };
		1D46A093BD9B4E28BCB6309C /* CDVReachability.m */ = {isa = PBXFileReference; explicitFileType = undefined; fileEncoding = 4; includeInIndex = 0; lastKnownFileType = sourcecode.c.objc; name = CDVReachability.m; path = "cordova-plugin-network-information/CDVReachability.m"; sourceTree = "<group>"; };
		1D6058910D05DD3D006BFB54 /* InfluenceMe.app */ = {isa = PBXFileReference; explicitFileType = wrapper.application; includeInIndex = 0; path = InfluenceMe.app; sourceTree = BUILT_PRODUCTS_DIR; };
		20D052C941884C559EEFFDEB /* CULHost.h */ = {isa = PBXFileReference; explicitFileType = undefined; fileEncoding = 4; includeInIndex = 0; lastKnownFileType = sourcecode.c.h; name = CULHost.h; path = "cordova-universal-links-plugin/Model/CULHost.h"; sourceTree = "<group>"; };
		21DE8DC9AC8447FFB6A3BB12 /* Firebase.h */ = {isa = PBXFileReference; explicitFileType = undefined; fileEncoding = 4; includeInIndex = 0; lastKnownFileType = sourcecode.c.h; name = Firebase.h; path = "cordova-plugin-firebase/Firebase.h"; sourceTree = "<group>"; };
		22A19BC72226465BA3B7882D /* NSBundle+CULPlugin.m */ = {isa = PBXFileReference; explicitFileType = undefined; fileEncoding = 4; includeInIndex = 0; lastKnownFileType = sourcecode.c.objc; name = "NSBundle+CULPlugin.m"; path = "cordova-universal-links-plugin/Utils/NSBundle+CULPlugin.m"; sourceTree = "<group>"; };
		285E4AA3F171494D91671237 /* UIImage+CropScaleOrientation.m */ = {isa = PBXFileReference; explicitFileType = undefined; fileEncoding = 4; includeInIndex = 0; lastKnownFileType = sourcecode.c.objc; name = "UIImage+CropScaleOrientation.m"; path = "cordova-plugin-camera/UIImage+CropScaleOrientation.m"; sourceTree = "<group>"; };
		29B97316FDCFA39411CA2CEA /* main.m */ = {isa = PBXFileReference; fileEncoding = 4; lastKnownFileType = sourcecode.c.objc; path = main.m; sourceTree = "<group>"; };
		2A3FC0197E514CAEA23D638E /* ImageIO.framework */ = {isa = PBXFileReference; explicitFileType = undefined; fileEncoding = 9; includeInIndex = 0; lastKnownFileType = wrapper.framework; name = ImageIO.framework; path = System/Library/Frameworks/ImageIO.framework; sourceTree = SDKROOT; };
		2E19F4127A2647B3B40159FB /* FirebaseMessaging.framework */ = {isa = PBXFileReference; explicitFileType = undefined; fileEncoding = 9; includeInIndex = 0; lastKnownFileType = wrapper.framework; name = FirebaseMessaging.framework; path = "InfluenceMe/Plugins/cordova-plugin-firebase/FirebaseMessaging.framework"; sourceTree = "<group>"; };
		301BF52D109A57CC0062928A /* CordovaLib/CordovaLib.xcodeproj */ = {isa = PBXFileReference; lastKnownFileType = "wrapper.pb-project"; path = CordovaLib/CordovaLib.xcodeproj; sourceTree = "<group>"; };
		301BF56E109A69640062928A /* www */ = {isa = PBXFileReference; lastKnownFileType = folder; path = www; sourceTree = SOURCE_ROOT; };
		302D95EE14D2391D003F00A1 /* MainViewController.h */ = {isa = PBXFileReference; fileEncoding = 4; lastKnownFileType = sourcecode.c.h; path = MainViewController.h; sourceTree = "<group>"; };
		302D95EF14D2391D003F00A1 /* MainViewController.m */ = {isa = PBXFileReference; fileEncoding = 4; lastKnownFileType = sourcecode.c.objc; path = MainViewController.m; sourceTree = "<group>"; };
		302D95F014D2391D003F00A1 /* MainViewController.xib */ = {isa = PBXFileReference; fileEncoding = 4; lastKnownFileType = file.xib; path = MainViewController.xib; sourceTree = "<group>"; };
		3047A50F1AB8059700498E2A /* build-debug.xcconfig */ = {isa = PBXFileReference; fileEncoding = 4; lastKnownFileType = text.xcconfig; name = "build-debug.xcconfig"; path = "cordova/build-debug.xcconfig"; sourceTree = SOURCE_ROOT; };
		3047A5101AB8059700498E2A /* build-release.xcconfig */ = {isa = PBXFileReference; fileEncoding = 4; lastKnownFileType = text.xcconfig; name = "build-release.xcconfig"; path = "cordova/build-release.xcconfig"; sourceTree = SOURCE_ROOT; };
		3047A5111AB8059700498E2A /* build.xcconfig */ = {isa = PBXFileReference; fileEncoding = 4; lastKnownFileType = text.xcconfig; name = build.xcconfig; path = cordova/build.xcconfig; sourceTree = SOURCE_ROOT; };
		32CA4F630368D1EE00C91783 /* InfluenceMe-Prefix.pch */ = {isa = PBXFileReference; fileEncoding = 4; lastKnownFileType = sourcecode.c.h; path = "InfluenceMe-Prefix.pch"; sourceTree = "<group>"; };
		3A8C0763FAA24D11B96C2EC9 /* GoogleToolboxForMac.framework */ = {isa = PBXFileReference; explicitFileType = undefined; fileEncoding = 9; includeInIndex = 0; lastKnownFileType = wrapper.framework; name = GoogleToolboxForMac.framework; path = "InfluenceMe/Plugins/cordova-plugin-firebase/GoogleToolboxForMac.framework"; sourceTree = "<group>"; };
		3CA9A1C686CF4C4090894A26 /* FirebaseMethodSwizzler.framework */ = {isa = PBXFileReference; explicitFileType = undefined; fileEncoding = 9; includeInIndex = 0; lastKnownFileType = wrapper.framework; name = FirebaseMethodSwizzler.framework; path = "InfluenceMe/Plugins/cordova-plugin-firebase/FirebaseMethodSwizzler.framework"; sourceTree = "<group>"; };
		40A04624D8054FE5A83DFC19 /* AppDelegate+FirebasePlugin.h */ = {isa = PBXFileReference; explicitFileType = undefined; fileEncoding = 4; includeInIndex = 0; lastKnownFileType = sourcecode.c.h; name = "AppDelegate+FirebasePlugin.h"; path = "cordova-plugin-firebase/AppDelegate+FirebasePlugin.h"; sourceTree = "<group>"; };
		42EC01695F984C588146AC61 /* CDVInAppBrowser.h */ = {isa = PBXFileReference; explicitFileType = undefined; fileEncoding = 4; includeInIndex = 0; lastKnownFileType = sourcecode.c.h; name = CDVInAppBrowser.h; path = "cordova-plugin-inappbrowser/CDVInAppBrowser.h"; sourceTree = "<group>"; };
		44CC4AABF4724D1E85846C70 /* libz.tbd */ = {isa = PBXFileReference; explicitFileType = undefined; fileEncoding = 9; includeInIndex = 0; lastKnownFileType = "sourcecode.text-based-dylib-definition"; name = libz.tbd; path = usr/lib/libz.tbd; sourceTree = SDKROOT; };
		4655490FDEA3470AB0A80CE2 /* CDVSplashScreen.m */ = {isa = PBXFileReference; explicitFileType = undefined; fileEncoding = 4; includeInIndex = 0; lastKnownFileType = sourcecode.c.objc; name = CDVSplashScreen.m; path = "cordova-plugin-splashscreen/CDVSplashScreen.m"; sourceTree = "<group>"; };
		4A3F3169C5134DB0A217392B /* UIImage+CropScaleOrientation.h */ = {isa = PBXFileReference; explicitFileType = undefined; fileEncoding = 4; includeInIndex = 0; lastKnownFileType = sourcecode.c.h; name = "UIImage+CropScaleOrientation.h"; path = "cordova-plugin-camera/UIImage+CropScaleOrientation.h"; sourceTree = "<group>"; };
		4AD7294594CD42CA8A3322EB /* FirebaseNanoPB.framework */ = {isa = PBXFileReference; explicitFileType = undefined; fileEncoding = 9; includeInIndex = 0; lastKnownFileType = wrapper.framework; name = FirebaseNanoPB.framework; path = "InfluenceMe/Plugins/cordova-plugin-firebase/FirebaseNanoPB.framework"; sourceTree = "<group>"; };
		4E8AD785C99F44E4A41AE32E /* CDVGlobalization.h */ = {isa = PBXFileReference; explicitFileType = undefined; fileEncoding = 4; includeInIndex = 0; lastKnownFileType = sourcecode.c.h; name = CDVGlobalization.h; path = "cordova-plugin-globalization/CDVGlobalization.h"; sourceTree = "<group>"; };
		5155CA3A18FB4A96AFBEB56A /* CoreLocation.framework */ = {isa = PBXFileReference; explicitFileType = undefined; fileEncoding = 9; includeInIndex = 0; lastKnownFileType = wrapper.framework; name = CoreLocation.framework; path = System/Library/Frameworks/CoreLocation.framework; sourceTree = SDKROOT; };
		517DFC969B3E4C11AD794113 /* CDVPluginResult+CULPlugin.m */ = {isa = PBXFileReference; explicitFileType = undefined; fileEncoding = 4; includeInIndex = 0; lastKnownFileType = sourcecode.c.objc; name = "CDVPluginResult+CULPlugin.m"; path = "cordova-universal-links-plugin/JS/CDVPluginResult+CULPlugin.m"; sourceTree = "<group>"; };
		537A402897504CD1A586C569 /* FirebaseInstanceID.framework */ = {isa = PBXFileReference; explicitFileType = undefined; fileEncoding = 9; includeInIndex = 0; lastKnownFileType = wrapper.framework; name = FirebaseInstanceID.framework; path = "InfluenceMe/Plugins/cordova-plugin-firebase/FirebaseInstanceID.framework"; sourceTree = "<group>"; };
		53818BE8CC7242ADADC027A1 /* CDVBuildInfo.m */ = {isa = PBXFileReference; explicitFileType = undefined; fileEncoding = 4; includeInIndex = 0; lastKnownFileType = sourcecode.c.objc; name = CDVBuildInfo.m; path = "cordova-plugin-buildinfo/CDVBuildInfo.m"; sourceTree = "<group>"; };
		58A23CBB2E7440D597935EF0 /* NSBundle+CULPlugin.h */ = {isa = PBXFileReference; explicitFileType = undefined; fileEncoding = 4; includeInIndex = 0; lastKnownFileType = sourcecode.c.h; name = "NSBundle+CULPlugin.h"; path = "cordova-universal-links-plugin/Utils/NSBundle+CULPlugin.h"; sourceTree = "<group>"; };
		5E1737846F804D74908BDF18 /* CDVExif.h */ = {isa = PBXFileReference; explicitFileType = undefined; fileEncoding = 4; includeInIndex = 0; lastKnownFileType = sourcecode.c.h; name = CDVExif.h; path = "cordova-plugin-camera/CDVExif.h"; sourceTree = "<group>"; };
		608B3A1D2A83457CA5B0758B /* CDVDevice.h */ = {isa = PBXFileReference; explicitFileType = undefined; fileEncoding = 4; includeInIndex = 0; lastKnownFileType = sourcecode.c.h; name = CDVDevice.h; path = "cordova-plugin-device/CDVDevice.h"; sourceTree = "<group>"; };
		615426E2F1484671A574E0D5 /* CDVLocation.m */ = {isa = PBXFileReference; explicitFileType = undefined; fileEncoding = 4; includeInIndex = 0; lastKnownFileType = sourcecode.c.objc; name = CDVLocation.m; path = "cordova-plugin-geolocation/CDVLocation.m"; sourceTree = "<group>"; };
		619505E5A75D4C7B8C989E52 /* FirebaseABTesting.framework */ = {isa = PBXFileReference; explicitFileType = undefined; fileEncoding = 9; includeInIndex = 0; lastKnownFileType = wrapper.framework; name = FirebaseABTesting.framework; path = "InfluenceMe/Plugins/cordova-plugin-firebase/FirebaseABTesting.framework"; sourceTree = "<group>"; };
		62AED90970CB4553B4BB4FE9 /* CDVJpegHeaderWriter.m */ = {isa = PBXFileReference; explicitFileType = undefined; fileEncoding = 4; includeInIndex = 0; lastKnownFileType = sourcecode.c.objc; name = CDVJpegHeaderWriter.m; path = "cordova-plugin-camera/CDVJpegHeaderWriter.m"; sourceTree = "<group>"; };
		66E55A4D67BE40758DB19D43 /* FirebaseCrash.framework */ = {isa = PBXFileReference; explicitFileType = undefined; fileEncoding = 9; includeInIndex = 0; lastKnownFileType = wrapper.framework; name = FirebaseCrash.framework; path = "InfluenceMe/Plugins/cordova-plugin-firebase/FirebaseCrash.framework"; sourceTree = "<group>"; };
		68EE3914CC1041BFAA6F01D1 /* FirebaseCoreDiagnostics.framework */ = {isa = PBXFileReference; explicitFileType = undefined; fileEncoding = 9; includeInIndex = 0; lastKnownFileType = wrapper.framework; name = FirebaseCoreDiagnostics.framework; path = "InfluenceMe/Plugins/cordova-plugin-firebase/FirebaseCoreDiagnostics.framework"; sourceTree = "<group>"; };
		6AFF5BF81D6E424B00AB3073 /* CDVLaunchScreen.storyboard */ = {isa = PBXFileReference; fileEncoding = 4; lastKnownFileType = file.storyboard; name = CDVLaunchScreen.storyboard; path = InfluenceMe/CDVLaunchScreen.storyboard; sourceTree = SOURCE_ROOT; };
		77BD3B90F99843E7B71C6523 /* CDVJpegHeaderWriter.h */ = {isa = PBXFileReference; explicitFileType = undefined; fileEncoding = 4; includeInIndex = 0; lastKnownFileType = sourcecode.c.h; name = CDVJpegHeaderWriter.h; path = "cordova-plugin-camera/CDVJpegHeaderWriter.h"; sourceTree = "<group>"; };
		7A65093D080C4DB7A7CEE129 /* FirebaseCore.framework */ = {isa = PBXFileReference; explicitFileType = undefined; fileEncoding = 9; includeInIndex = 0; lastKnownFileType = wrapper.framework; name = FirebaseCore.framework; path = "InfluenceMe/Plugins/cordova-plugin-firebase/FirebaseCore.framework"; sourceTree = "<group>"; };
		81E99622672D4B0CA435F5F0 /* CULPath.m */ = {isa = PBXFileReference; explicitFileType = undefined; fileEncoding = 4; includeInIndex = 0; lastKnownFileType = sourcecode.c.objc; name = CULPath.m; path = "cordova-universal-links-plugin/Model/CULPath.m"; sourceTree = "<group>"; };
		8208EAAD59B0426BA61E5C91 /* CDVConnection.h */ = {isa = PBXFileReference; explicitFileType = undefined; fileEncoding = 4; includeInIndex = 0; lastKnownFileType = sourcecode.c.h; name = CDVConnection.h; path = "cordova-plugin-network-information/CDVConnection.h"; sourceTree = "<group>"; };
		84BDA84404FB498EAF924573 /* FirebaseISASwizzler.framework */ = {isa = PBXFileReference; explicitFileType = undefined; fileEncoding = 9; includeInIndex = 0; lastKnownFileType = wrapper.framework; name = FirebaseISASwizzler.framework; path = "InfluenceMe/Plugins/cordova-plugin-firebase/FirebaseISASwizzler.framework"; sourceTree = "<group>"; };
		86C3765986BD4697A81922F4 /* CoreTelephony.framework */ = {isa = PBXFileReference; explicitFileType = undefined; fileEncoding = 9; includeInIndex = 0; lastKnownFileType = wrapper.framework; name = CoreTelephony.framework; path = System/Library/Frameworks/CoreTelephony.framework; sourceTree = SDKROOT; };
		89818DBFF9A04D7EA5410501 /* AudioToolbox.framework */ = {isa = PBXFileReference; explicitFileType = undefined; fileEncoding = 9; includeInIndex = 0; lastKnownFileType = wrapper.framework; name = AudioToolbox.framework; path = System/Library/Frameworks/AudioToolbox.framework; sourceTree = SDKROOT; };
		8C819FCAA9FE419280A44149 /* CDVGlobalization.m */ = {isa = PBXFileReference; explicitFileType = undefined; fileEncoding = 4; includeInIndex = 0; lastKnownFileType = sourcecode.c.objc; name = CDVGlobalization.m; path = "cordova-plugin-globalization/CDVGlobalization.m"; sourceTree = "<group>"; };
		8C97521CC4354162AFDC30C2 /* CDVBattery.h */ = {isa = PBXFileReference; explicitFileType = undefined; fileEncoding = 4; includeInIndex = 0; lastKnownFileType = sourcecode.c.h; name = CDVBattery.h; path = "cordova-plugin-battery-status/CDVBattery.h"; sourceTree = "<group>"; };
		8D1107310486CEB800E47090 /* InfluenceMe-Info.plist */ = {isa = PBXFileReference; fileEncoding = 4; lastKnownFileType = text.plist.xml; name = "InfluenceMe-Info.plist"; path = "InfluenceMe/InfluenceMe-Info.plist"; plistStructureDefinitionIdentifier = "com.apple.xcode.plist.structure-definition.iphone.info-plist"; sourceTree = SOURCE_ROOT; };
		8ECCD850C3F746EAB9DF7328 /* CDVInvokedUrlCommand+CULPlugin.h */ = {isa = PBXFileReference; explicitFileType = undefined; fileEncoding = 4; includeInIndex = 0; lastKnownFileType = sourcecode.c.h; name = "CDVInvokedUrlCommand+CULPlugin.h"; path = "cordova-universal-links-plugin/JS/CDVInvokedUrlCommand+CULPlugin.h"; sourceTree = "<group>"; };
		9407AD3F6C5C485B9B2A3C6A /* CDVCamera.m */ = {isa = PBXFileReference; explicitFileType = undefined; fileEncoding = 4; includeInIndex = 0; lastKnownFileType = sourcecode.c.objc; name = CDVCamera.m; path = "cordova-plugin-camera/CDVCamera.m"; sourceTree = "<group>"; };
		9670283EEF574C22AC72F202 /* CDVBuildInfo.h */ = {isa = PBXFileReference; explicitFileType = undefined; fileEncoding = 4; includeInIndex = 0; lastKnownFileType = sourcecode.c.h; name = CDVBuildInfo.h; path = "cordova-plugin-buildinfo/CDVBuildInfo.h"; sourceTree = "<group>"; };
		972E7772F3B14862984E8869 /* FirebasePlugin.m */ = {isa = PBXFileReference; explicitFileType = undefined; fileEncoding = 4; includeInIndex = 0; lastKnownFileType = sourcecode.c.objc; name = FirebasePlugin.m; path = "cordova-plugin-firebase/FirebasePlugin.m"; sourceTree = "<group>"; };
		A4CD6E024E7B44EF998D0AA8 /* GTMSessionFetcher.framework */ = {isa = PBXFileReference; explicitFileType = undefined; fileEncoding = 9; includeInIndex = 0; lastKnownFileType = wrapper.framework; name = GTMSessionFetcher.framework; path = "InfluenceMe/Plugins/cordova-plugin-firebase/GTMSessionFetcher.framework"; sourceTree = "<group>"; };
		A50FA0FE6DF84FAA90493C21 /* AppDelegate+CULPlugin.h */ = {isa = PBXFileReference; explicitFileType = undefined; fileEncoding = 4; includeInIndex = 0; lastKnownFileType = sourcecode.c.h; name = "AppDelegate+CULPlugin.h"; path = "cordova-universal-links-plugin/AppDelegate+CULPlugin.h"; sourceTree = "<group>"; };
		AA89A9C1A5F647BD87E009EA /* CULXmlTags.m */ = {isa = PBXFileReference; explicitFileType = undefined; fileEncoding = 4; includeInIndex = 0; lastKnownFileType = sourcecode.c.objc; name = CULXmlTags.m; path = "cordova-universal-links-plugin/Parser/CULXmlTags.m"; sourceTree = "<group>"; };
		AAAC4ADD469548DF9434BC35 /* CULPlugin.h */ = {isa = PBXFileReference; explicitFileType = undefined; fileEncoding = 4; includeInIndex = 0; lastKnownFileType = sourcecode.c.h; name = CULPlugin.h; path = "cordova-universal-links-plugin/CULPlugin.h"; sourceTree = "<group>"; };
		AAD974212ADC492DA9D18C45 /* nanopb.framework */ = {isa = PBXFileReference; explicitFileType = undefined; fileEncoding = 9; includeInIndex = 0; lastKnownFileType = wrapper.framework; name = nanopb.framework; path = "InfluenceMe/Plugins/cordova-plugin-firebase/nanopb.framework"; sourceTree = "<group>"; };
		B284220FC3B74F92B246BFEB /* FirebaseAnalytics.framework */ = {isa = PBXFileReference; explicitFileType = undefined; fileEncoding = 9; includeInIndex = 0; lastKnownFileType = wrapper.framework; name = FirebaseAnalytics.framework; path = "InfluenceMe/Plugins/cordova-plugin-firebase/FirebaseAnalytics.framework"; sourceTree = "<group>"; };
		B3181C1C13AD47D7BB7CA5EA /* CULPath.h */ = {isa = PBXFileReference; explicitFileType = undefined; fileEncoding = 4; includeInIndex = 0; lastKnownFileType = sourcecode.c.h; name = CULPath.h; path = "cordova-universal-links-plugin/Model/CULPath.h"; sourceTree = "<group>"; };
		B33F685E506A403FA0580E45 /* CDVCamera.h */ = {isa = PBXFileReference; explicitFileType = undefined; fileEncoding = 4; includeInIndex = 0; lastKnownFileType = sourcecode.c.h; name = CDVCamera.h; path = "cordova-plugin-camera/CDVCamera.h"; sourceTree = "<group>"; };
		B375425D1EDC49348D3F3932 /* CDVViewController+SplashScreen.m */ = {isa = PBXFileReference; explicitFileType = undefined; fileEncoding = 4; includeInIndex = 0; lastKnownFileType = sourcecode.c.objc; name = "CDVViewController+SplashScreen.m"; path = "cordova-plugin-splashscreen/CDVViewController+SplashScreen.m"; sourceTree = "<group>"; };
		B3FCBEFF860849089ECB242E /* CDVConnection.m */ = {isa = PBXFileReference; explicitFileType = undefined; fileEncoding = 4; includeInIndex = 0; lastKnownFileType = sourcecode.c.objc; name = CDVConnection.m; path = "cordova-plugin-network-information/CDVConnection.m"; sourceTree = "<group>"; };
		BF35442783B14492881D928A /* SystemConfiguration.framework */ = {isa = PBXFileReference; explicitFileType = undefined; fileEncoding = 9; includeInIndex = 0; lastKnownFileType = wrapper.framework; name = SystemConfiguration.framework; path = System/Library/Frameworks/SystemConfiguration.framework; sourceTree = SDKROOT; };
		C4E51FBAC5CA4EB9AD8788A5 /* CULXmlTags.h */ = {isa = PBXFileReference; explicitFileType = undefined; fileEncoding = 4; includeInIndex = 0; lastKnownFileType = sourcecode.c.h; name = CULXmlTags.h; path = "cordova-universal-links-plugin/Parser/CULXmlTags.h"; sourceTree = "<group>"; };
		CA7EDC6606CB493CB3929294 /* CULHost.m */ = {isa = PBXFileReference; explicitFileType = undefined; fileEncoding = 4; includeInIndex = 0; lastKnownFileType = sourcecode.c.objc; name = CULHost.m; path = "cordova-universal-links-plugin/Model/CULHost.m"; sourceTree = "<group>"; };
		CBB661EDDCF84214B556ED9B /* Protobuf.framework */ = {isa = PBXFileReference; explicitFileType = undefined; fileEncoding = 9; includeInIndex = 0; lastKnownFileType = wrapper.framework; name = Protobuf.framework; path = "InfluenceMe/Plugins/cordova-plugin-firebase/Protobuf.framework"; sourceTree = "<group>"; };
		D11E41437AFA41E0A7496AF1 /* CDVPluginResult+CULPlugin.h */ = {isa = PBXFileReference; explicitFileType = undefined; fileEncoding = 4; includeInIndex = 0; lastKnownFileType = sourcecode.c.h; name = "CDVPluginResult+CULPlugin.h"; path = "cordova-universal-links-plugin/JS/CDVPluginResult+CULPlugin.h"; sourceTree = "<group>"; };
		D142269A40CD4F27A846F56E /* CDVViewController+SplashScreen.h */ = {isa = PBXFileReference; explicitFileType = undefined; fileEncoding = 4; includeInIndex = 0; lastKnownFileType = sourcecode.c.h; name = "CDVViewController+SplashScreen.h"; path = "cordova-plugin-splashscreen/CDVViewController+SplashScreen.h"; sourceTree = "<group>"; };
		D2AA191EC69244BF9FA660F9 /* CDVLocation.h */ = {isa = PBXFileReference; explicitFileType = undefined; fileEncoding = 4; includeInIndex = 0; lastKnownFileType = sourcecode.c.h; name = CDVLocation.h; path = "cordova-plugin-geolocation/CDVLocation.h"; sourceTree = "<group>"; };
		D32A606420584CBCA91DCBB5 /* CDVReachability.h */ = {isa = PBXFileReference; explicitFileType = undefined; fileEncoding = 4; includeInIndex = 0; lastKnownFileType = sourcecode.c.h; name = CDVReachability.h; path = "cordova-plugin-network-information/CDVReachability.h"; sourceTree = "<group>"; };
		D97E95DFD8D74A32AC829C14 /* CDVInvokedUrlCommand+CULPlugin.m */ = {isa = PBXFileReference; explicitFileType = undefined; fileEncoding = 4; includeInIndex = 0; lastKnownFileType = sourcecode.c.objc; name = "CDVInvokedUrlCommand+CULPlugin.m"; path = "cordova-universal-links-plugin/JS/CDVInvokedUrlCommand+CULPlugin.m"; sourceTree = "<group>"; };
		DA37F725A47F439999036250 /* InfluenceMe.entitlements */ = {isa = PBXFileReference; explicitFileType = undefined; fileEncoding = 9; includeInIndex = 0; lastKnownFileType = unknown; path = InfluenceMe.entitlements; sourceTree = "<group>"; };
		DAA85C0D1A1541519C8C497A /* AppDelegate+FirebasePlugin.m */ = {isa = PBXFileReference; explicitFileType = undefined; fileEncoding = 4; includeInIndex = 0; lastKnownFileType = sourcecode.c.objc; name = "AppDelegate+FirebasePlugin.m"; path = "cordova-plugin-firebase/AppDelegate+FirebasePlugin.m"; sourceTree = "<group>"; };
		DFEFAEF9D1674F06B6FBD6F9 /* CDVBattery.m */ = {isa = PBXFileReference; explicitFileType = undefined; fileEncoding = 4; includeInIndex = 0; lastKnownFileType = sourcecode.c.objc; name = CDVBattery.m; path = "cordova-plugin-battery-status/CDVBattery.m"; sourceTree = "<group>"; };
		E1D50429404C4564B11632C5 /* CULConfigXmlParser.m */ = {isa = PBXFileReference; explicitFileType = undefined; fileEncoding = 4; includeInIndex = 0; lastKnownFileType = sourcecode.c.objc; name = CULConfigXmlParser.m; path = "cordova-universal-links-plugin/Parser/CULConfigXmlParser.m"; sourceTree = "<group>"; };
		EB87FDF31871DA8E0020F90C /* www */ = {isa = PBXFileReference; lastKnownFileType = folder; name = www; path = ../../www; sourceTree = "<group>"; };
		EB87FDF41871DAF40020F90C /* config.xml */ = {isa = PBXFileReference; lastKnownFileType = text.xml; name = config.xml; path = ../../config.xml; sourceTree = "<group>"; };
		ED285DC7D7FF483C9E805F22 /* CDVNotification.m */ = {isa = PBXFileReference; explicitFileType = undefined; fileEncoding = 4; includeInIndex = 0; lastKnownFileType = sourcecode.c.objc; name = CDVNotification.m; path = "cordova-plugin-dialogs/CDVNotification.m"; sourceTree = "<group>"; };
		ED33DF2A687741AEAF9F8254 /* Bridging-Header.h */ = {isa = PBXFileReference; fileEncoding = 4; lastKnownFileType = sourcecode.c.h; path = "Bridging-Header.h"; sourceTree = "<group>"; };
		EDE8F996D9D84C88AF57512E /* CBTBrowserTab.h */ = {isa = PBXFileReference; explicitFileType = undefined; fileEncoding = 4; includeInIndex = 0; lastKnownFileType = sourcecode.c.h; name = CBTBrowserTab.h; path = "cordova-plugin-browsertab/CBTBrowserTab.h"; sourceTree = "<group>"; };
		F03105475F3347689941E1F0 /* FirebaseAuth.framework */ = {isa = PBXFileReference; explicitFileType = undefined; fileEncoding = 9; includeInIndex = 0; lastKnownFileType = wrapper.framework; name = FirebaseAuth.framework; path = "InfluenceMe/Plugins/cordova-plugin-firebase/FirebaseAuth.framework"; sourceTree = "<group>"; };
		F647D5F33B3848C3A3F7132F /* FirebaseRemoteConfig.framework */ = {isa = PBXFileReference; explicitFileType = undefined; fileEncoding = 9; includeInIndex = 0; lastKnownFileType = wrapper.framework; name = FirebaseRemoteConfig.framework; path = "InfluenceMe/Plugins/cordova-plugin-firebase/FirebaseRemoteConfig.framework"; sourceTree = "<group>"; };
		F77CE325ADBE44E6B5FF1EEA /* CDVInAppBrowser.m */ = {isa = PBXFileReference; explicitFileType = undefined; fileEncoding = 4; includeInIndex = 0; lastKnownFileType = sourcecode.c.objc; name = CDVInAppBrowser.m; path = "cordova-plugin-inappbrowser/CDVInAppBrowser.m"; sourceTree = "<group>"; };
		F840E1F0165FE0F500CFE078 /* config.xml */ = {isa = PBXFileReference; lastKnownFileType = text.xml; name = config.xml; path = InfluenceMe/config.xml; sourceTree = "<group>"; };
		F99BAEC4716A48F5B0DAE4B7 /* CDVVibration.m */ = {isa = PBXFileReference; explicitFileType = undefined; fileEncoding = 4; includeInIndex = 0; lastKnownFileType = sourcecode.c.objc; name = CDVVibration.m; path = "cordova-plugin-vibration/CDVVibration.m"; sourceTree = "<group>"; };
		F9E8274FC7DF4722984D73B4 /* CDVSplashScreen.h */ = {isa = PBXFileReference; explicitFileType = undefined; fileEncoding = 4; includeInIndex = 0; lastKnownFileType = sourcecode.c.h; name = CDVSplashScreen.h; path = "cordova-plugin-splashscreen/CDVSplashScreen.h"; sourceTree = "<group>"; };
		FCCCB09A9C16483197E3AC23 /* CULConfigXmlParser.h */ = {isa = PBXFileReference; explicitFileType = undefined; fileEncoding = 4; includeInIndex = 0; lastKnownFileType = sourcecode.c.h; name = CULConfigXmlParser.h; path = "cordova-universal-links-plugin/Parser/CULConfigXmlParser.h"; sourceTree = "<group>"; };
		FDC7C092CA5A4F7BBACF05FA /* CBTBrowserTab.m */ = {isa = PBXFileReference; explicitFileType = undefined; fileEncoding = 4; includeInIndex = 0; lastKnownFileType = sourcecode.c.objc; name = CBTBrowserTab.m; path = "cordova-plugin-browsertab/CBTBrowserTab.m"; sourceTree = "<group>"; };
/* End PBXFileReference section */

/* Begin PBXFrameworksBuildPhase section */
		1D60588F0D05DD3D006BFB54 /* Frameworks */ = {
			isa = PBXFrameworksBuildPhase;
			buildActionMask = 2147483647;
			files = (
				301BF552109A68D80062928A /* libCordova.a in Frameworks */,
				04710AA7C20D4A6E860CC936 /* SafariServices.framework in Frameworks */,
				1083D0CF63A14BCB8A4AE048 /* ImageIO.framework in Frameworks */,
				D011F070DB794A29BFD231BF /* CoreLocation.framework in Frameworks */,
				43172C175757438F86D0A3C2 /* AVFoundation.framework in Frameworks */,
				F2F7E15C66F14554879DC8A4 /* libz.tbd in Frameworks */,
				3DDAAA1098474E81A9B03A5A /* AudioToolbox.framework in Frameworks */,
				F97C8F68EE904B76B884B6DA /* FirebaseAnalytics.framework in Frameworks */,
				78E1BC5A632845E69BE5C4BE /* FirebaseCore.framework in Frameworks */,
				91005EF80C2149F0906F5412 /* FirebaseCoreDiagnostics.framework in Frameworks */,
				05D12602CB3B44B59CF82781 /* FirebaseInstanceID.framework in Frameworks */,
				3B6A71962D7540AF87DCA8B0 /* FirebaseNanoPB.framework in Frameworks */,
				3EAB0F434CCF41E9877D8B41 /* GoogleToolboxForMac.framework in Frameworks */,
				97DCBBB247EE4EE1AE85F25D /* nanopb.framework in Frameworks */,
				BBF255C2CA914A45A683AED6 /* Protobuf.framework in Frameworks */,
				E14BA6B3973A47F6855DE778 /* FirebaseMessaging.framework in Frameworks */,
				1042DD866F814D4B84F27D93 /* FirebaseCrash.framework in Frameworks */,
				82F0A7BE910A4F2CBFF2430F /* FirebaseRemoteConfig.framework in Frameworks */,
				A3A306454F0B4034B79A57CB /* FirebaseABTesting.framework in Frameworks */,
				C23DA4818A2D46D1BC75F384 /* FirebaseAuth.framework in Frameworks */,
				E7B889C5AFFF4BD687E0C798 /* GTMSessionFetcher.framework in Frameworks */,
				A9E7905DEDF94A35B67F32A2 /* FirebasePerformance.framework in Frameworks */,
				E9725884402C41958D1D35ED /* FirebaseISASwizzler.framework in Frameworks */,
				CC009CDEBEBD4D8998033004 /* FirebaseMethodSwizzler.framework in Frameworks */,
				7873921C69D14A3E8C91EDE4 /* SystemConfiguration.framework in Frameworks */,
				CF49EDD6C7B9466CAADEAF14 /* CoreTelephony.framework in Frameworks */,
			);
			runOnlyForDeploymentPostprocessing = 0;
		};
/* End PBXFrameworksBuildPhase section */

/* Begin PBXGroup section */
		080E96DDFE201D6D7F000001 /* Classes */ = {
			isa = PBXGroup;
			children = (
				302D95EE14D2391D003F00A1 /* MainViewController.h */,
				302D95EF14D2391D003F00A1 /* MainViewController.m */,
				302D95F014D2391D003F00A1 /* MainViewController.xib */,
				1D3623240D0F684500981E51 /* AppDelegate.h */,
				1D3623250D0F684500981E51 /* AppDelegate.m */,
			);
			name = Classes;
			path = InfluenceMe/Classes;
			sourceTree = SOURCE_ROOT;
		};
		19C28FACFE9D520D11CA2CBB /* Products */ = {
			isa = PBXGroup;
			children = (
				1D6058910D05DD3D006BFB54 /* InfluenceMe.app */,
			);
			name = Products;
			sourceTree = "<group>";
		};
		29B97314FDCFA39411CA2CEA /* CustomTemplate */ = {
			isa = PBXGroup;
			children = (
				EB87FDF41871DAF40020F90C /* config.xml */,
				EB87FDF31871DA8E0020F90C /* www */,
				EB87FDF11871DA420020F90C /* Staging */,
				301BF52D109A57CC0062928A /* CordovaLib/CordovaLib.xcodeproj */,
				080E96DDFE201D6D7F000001 /* Classes */,
				307C750510C5A3420062BCA9 /* Plugins */,
				29B97315FDCFA39411CA2CEA /* Other Sources */,
				29B97317FDCFA39411CA2CEA /* Resources */,
				29B97323FDCFA39411CA2CEA /* Frameworks */,
				19C28FACFE9D520D11CA2CBB /* Products */,
			);
			name = CustomTemplate;
			sourceTree = "<group>";
		};
		29B97315FDCFA39411CA2CEA /* Other Sources */ = {
			isa = PBXGroup;
			children = (
				32CA4F630368D1EE00C91783 /* InfluenceMe-Prefix.pch */,
				29B97316FDCFA39411CA2CEA /* main.m */,
				ED33DF2A687741AEAF9F8254 /* Bridging-Header.h */,
			);
			name = "Other Sources";
			path = InfluenceMe;
			sourceTree = "<group>";
		};
		29B97317FDCFA39411CA2CEA /* Resources */ = {
			isa = PBXGroup;
			children = (
				0207DA571B56EA530066E2B4 /* Images.xcassets */,
				3047A50E1AB8057F00498E2A /* config */,
				8D1107310486CEB800E47090 /* InfluenceMe-Info.plist */,
				6AFF5BF81D6E424B00AB3073 /* CDVLaunchScreen.storyboard */,
				062B6BCCDE224680A4924F49 /* CDVNotification.bundle */,
				07F3944F488C40EAB3E47E84 /* GoogleService-Info.plist */,
				DA37F725A47F439999036250 /* InfluenceMe.entitlements */,
			);
			name = Resources;
			path = InfluenceMe/Resources;
			sourceTree = "<group>";
		};
		29B97323FDCFA39411CA2CEA /* Frameworks */ = {
			isa = PBXGroup;
			children = (
				01A2187AAAF84423AB1FE356 /* SafariServices.framework */,
				2A3FC0197E514CAEA23D638E /* ImageIO.framework */,
				5155CA3A18FB4A96AFBEB56A /* CoreLocation.framework */,
				01A95856E05443948778B387 /* AVFoundation.framework */,
				44CC4AABF4724D1E85846C70 /* libz.tbd */,
				89818DBFF9A04D7EA5410501 /* AudioToolbox.framework */,
				B284220FC3B74F92B246BFEB /* FirebaseAnalytics.framework */,
				7A65093D080C4DB7A7CEE129 /* FirebaseCore.framework */,
				68EE3914CC1041BFAA6F01D1 /* FirebaseCoreDiagnostics.framework */,
				537A402897504CD1A586C569 /* FirebaseInstanceID.framework */,
				4AD7294594CD42CA8A3322EB /* FirebaseNanoPB.framework */,
				3A8C0763FAA24D11B96C2EC9 /* GoogleToolboxForMac.framework */,
				AAD974212ADC492DA9D18C45 /* nanopb.framework */,
				CBB661EDDCF84214B556ED9B /* Protobuf.framework */,
				2E19F4127A2647B3B40159FB /* FirebaseMessaging.framework */,
				66E55A4D67BE40758DB19D43 /* FirebaseCrash.framework */,
				F647D5F33B3848C3A3F7132F /* FirebaseRemoteConfig.framework */,
				619505E5A75D4C7B8C989E52 /* FirebaseABTesting.framework */,
				F03105475F3347689941E1F0 /* FirebaseAuth.framework */,
				A4CD6E024E7B44EF998D0AA8 /* GTMSessionFetcher.framework */,
				10E5AA68C13348CC99772716 /* FirebasePerformance.framework */,
				84BDA84404FB498EAF924573 /* FirebaseISASwizzler.framework */,
				3CA9A1C686CF4C4090894A26 /* FirebaseMethodSwizzler.framework */,
				BF35442783B14492881D928A /* SystemConfiguration.framework */,
				86C3765986BD4697A81922F4 /* CoreTelephony.framework */,
			);
			name = Frameworks;
			sourceTree = "<group>";
		};
		301BF52E109A57CC0062928A /* Products */ = {
			isa = PBXGroup;
			children = (
				301BF535109A57CC0062928A /* libCordova.a */,
				BA697F652098802100818A46 /* Cordova.framework */,
			);
			name = Products;
			sourceTree = "<group>";
		};
		3047A50E1AB8057F00498E2A /* config */ = {
			isa = PBXGroup;
			children = (
				3047A50F1AB8059700498E2A /* build-debug.xcconfig */,
				3047A5101AB8059700498E2A /* build-release.xcconfig */,
				3047A5111AB8059700498E2A /* build.xcconfig */,
			);
			name = config;
			sourceTree = "<group>";
		};
		307C750510C5A3420062BCA9 /* Plugins */ = {
			isa = PBXGroup;
			children = (
				DFEFAEF9D1674F06B6FBD6F9 /* CDVBattery.m */,
				8C97521CC4354162AFDC30C2 /* CDVBattery.h */,
				FDC7C092CA5A4F7BBACF05FA /* CBTBrowserTab.m */,
				EDE8F996D9D84C88AF57512E /* CBTBrowserTab.h */,
				53818BE8CC7242ADADC027A1 /* CDVBuildInfo.m */,
				9670283EEF574C22AC72F202 /* CDVBuildInfo.h */,
				285E4AA3F171494D91671237 /* UIImage+CropScaleOrientation.m */,
				9407AD3F6C5C485B9B2A3C6A /* CDVCamera.m */,
				62AED90970CB4553B4BB4FE9 /* CDVJpegHeaderWriter.m */,
				4A3F3169C5134DB0A217392B /* UIImage+CropScaleOrientation.h */,
				B33F685E506A403FA0580E45 /* CDVCamera.h */,
				77BD3B90F99843E7B71C6523 /* CDVJpegHeaderWriter.h */,
				5E1737846F804D74908BDF18 /* CDVExif.h */,
				024D2C3E32EB49EF87913E29 /* CDVDevice.m */,
				608B3A1D2A83457CA5B0758B /* CDVDevice.h */,
				ED285DC7D7FF483C9E805F22 /* CDVNotification.m */,
				18AE86DC61C1406A81114F16 /* CDVNotification.h */,
				DAA85C0D1A1541519C8C497A /* AppDelegate+FirebasePlugin.m */,
				972E7772F3B14862984E8869 /* FirebasePlugin.m */,
				40A04624D8054FE5A83DFC19 /* AppDelegate+FirebasePlugin.h */,
				1699D2C01B684980B66233AC /* FirebasePlugin.h */,
				21DE8DC9AC8447FFB6A3BB12 /* Firebase.h */,
				615426E2F1484671A574E0D5 /* CDVLocation.m */,
				D2AA191EC69244BF9FA660F9 /* CDVLocation.h */,
				8C819FCAA9FE419280A44149 /* CDVGlobalization.m */,
				4E8AD785C99F44E4A41AE32E /* CDVGlobalization.h */,
				F77CE325ADBE44E6B5FF1EEA /* CDVInAppBrowser.m */,
				42EC01695F984C588146AC61 /* CDVInAppBrowser.h */,
				B3FCBEFF860849089ECB242E /* CDVConnection.m */,
				1D46A093BD9B4E28BCB6309C /* CDVReachability.m */,
				8208EAAD59B0426BA61E5C91 /* CDVConnection.h */,
				D32A606420584CBCA91DCBB5 /* CDVReachability.h */,
				4655490FDEA3470AB0A80CE2 /* CDVSplashScreen.m */,
				B375425D1EDC49348D3F3932 /* CDVViewController+SplashScreen.m */,
				F9E8274FC7DF4722984D73B4 /* CDVSplashScreen.h */,
				D142269A40CD4F27A846F56E /* CDVViewController+SplashScreen.h */,
				F99BAEC4716A48F5B0DAE4B7 /* CDVVibration.m */,
				0E072DF8E2724E1E903FC124 /* CDVVibration.h */,
				1046B639265846EF8C30385A /* CULPlugin.m */,
				07D83132E1654C2A8D51B98F /* AppDelegate+CULPlugin.m */,
				517DFC969B3E4C11AD794113 /* CDVPluginResult+CULPlugin.m */,
				D97E95DFD8D74A32AC829C14 /* CDVInvokedUrlCommand+CULPlugin.m */,
				CA7EDC6606CB493CB3929294 /* CULHost.m */,
				81E99622672D4B0CA435F5F0 /* CULPath.m */,
				AA89A9C1A5F647BD87E009EA /* CULXmlTags.m */,
				E1D50429404C4564B11632C5 /* CULConfigXmlParser.m */,
				22A19BC72226465BA3B7882D /* NSBundle+CULPlugin.m */,
				AAAC4ADD469548DF9434BC35 /* CULPlugin.h */,
				A50FA0FE6DF84FAA90493C21 /* AppDelegate+CULPlugin.h */,
				D11E41437AFA41E0A7496AF1 /* CDVPluginResult+CULPlugin.h */,
				8ECCD850C3F746EAB9DF7328 /* CDVInvokedUrlCommand+CULPlugin.h */,
				20D052C941884C559EEFFDEB /* CULHost.h */,
				B3181C1C13AD47D7BB7CA5EA /* CULPath.h */,
				C4E51FBAC5CA4EB9AD8788A5 /* CULXmlTags.h */,
				FCCCB09A9C16483197E3AC23 /* CULConfigXmlParser.h */,
				58A23CBB2E7440D597935EF0 /* NSBundle+CULPlugin.h */,
			);
			name = Plugins;
			path = InfluenceMe/Plugins;
			sourceTree = SOURCE_ROOT;
		};
		EB87FDF11871DA420020F90C /* Staging */ = {
			isa = PBXGroup;
			children = (
				F840E1F0165FE0F500CFE078 /* config.xml */,
				301BF56E109A69640062928A /* www */,
			);
			name = Staging;
			sourceTree = "<group>";
		};
/* End PBXGroup section */

/* Begin PBXNativeTarget section */
		1D6058900D05DD3D006BFB54 /* InfluenceMe */ = {
			isa = PBXNativeTarget;
			buildConfigurationList = 1D6058960D05DD3E006BFB54 /* Build configuration list for PBXNativeTarget "InfluenceMe" */;
			buildPhases = (
				304B58A110DAC018002A0835 /* Copy www directory */,
				1D60588D0D05DD3D006BFB54 /* Resources */,
				1D60588E0D05DD3D006BFB54 /* Sources */,
				1D60588F0D05DD3D006BFB54 /* Frameworks */,
			);
			buildRules = (
			);
			dependencies = (
				301BF551109A68C00062928A /* PBXTargetDependency */,
			);
			name = InfluenceMe;
			productName = InfluenceMe;
			productReference = 1D6058910D05DD3D006BFB54 /* InfluenceMe.app */;
			productType = "com.apple.product-type.application";
		};
/* End PBXNativeTarget section */

/* Begin PBXProject section */
		29B97313FDCFA39411CA2CEA /* Project object */ = {
			isa = PBXProject;
			attributes = {
				LastUpgradeCheck = 510;
				TargetAttributes = {
					1D6058900D05DD3D006BFB54 = {
						DevelopmentTeam = U6KCDD775X;
						SystemCapabilities = {
							com.apple.BackgroundModes = {
								enabled = 1;
							};
							com.apple.Push = {
								enabled = 1;
							};
						};
					};
				};
			};
			buildConfigurationList = C01FCF4E08A954540054247B /* Build configuration list for PBXProject "InfluenceMe" */;
			compatibilityVersion = "Xcode 3.2";
			developmentRegion = English;
			hasScannedForEncodings = 1;
			knownRegions = (
				en,
			);
			mainGroup = 29B97314FDCFA39411CA2CEA /* CustomTemplate */;
			projectDirPath = "";
			projectReferences = (
				{
					ProductGroup = 301BF52E109A57CC0062928A /* Products */;
					ProjectRef = 301BF52D109A57CC0062928A /* CordovaLib/CordovaLib.xcodeproj */;
				},
			);
			projectRoot = "";
			targets = (
				1D6058900D05DD3D006BFB54 /* InfluenceMe */,
			);
		};
/* End PBXProject section */

/* Begin PBXReferenceProxy section */
		301BF535109A57CC0062928A /* libCordova.a */ = {
			isa = PBXReferenceProxy;
			fileType = archive.ar;
			path = libCordova.a;
			remoteRef = 301BF534109A57CC0062928A /* PBXContainerItemProxy */;
			sourceTree = BUILT_PRODUCTS_DIR;
		};
		BA697F652098802100818A46 /* Cordova.framework */ = {
			isa = PBXReferenceProxy;
			fileType = wrapper.framework;
			path = Cordova.framework;
			remoteRef = BA697F642098802100818A46 /* PBXContainerItemProxy */;
			sourceTree = BUILT_PRODUCTS_DIR;
		};
/* End PBXReferenceProxy section */

/* Begin PBXResourcesBuildPhase section */
		1D60588D0D05DD3D006BFB54 /* Resources */ = {
			isa = PBXResourcesBuildPhase;
			buildActionMask = 2147483647;
			files = (
				302D95F214D2391D003F00A1 /* MainViewController.xib in Resources */,
				0207DA581B56EA530066E2B4 /* Images.xcassets in Resources */,
				6AFF5BF91D6E424B00AB3073 /* CDVLaunchScreen.storyboard in Resources */,
				810CEC1ED7934255B17FBDDB /* CDVNotification.bundle in Resources */,
				117291455E4D4E6699130ACB /* GoogleService-Info.plist in Resources */,
				E5CC04D525EE4027B7F8C1D7 /* InfluenceMe.entitlements in Resources */,
			);
			runOnlyForDeploymentPostprocessing = 0;
		};
/* End PBXResourcesBuildPhase section */

/* Begin PBXShellScriptBuildPhase section */
		304B58A110DAC018002A0835 /* Copy www directory */ = {
			isa = PBXShellScriptBuildPhase;
			buildActionMask = 2147483647;
			files = (
			);
			inputPaths = (
			);
			name = "Copy www directory";
			outputPaths = (
			);
			runOnlyForDeploymentPostprocessing = 0;
			shellPath = /bin/sh;
			shellScript = "NODEJS_PATH=/usr/local/bin; NVM_NODE_PATH=~/.nvm/versions/node/`nvm version 2>/dev/null`/bin; N_NODE_PATH=`find /usr/local/n/versions/node/* -maxdepth 0 -type d 2>/dev/null | tail -1`/bin; XCODE_NODE_PATH=`xcode-select --print-path`/usr/share/xcs/Node/bin; PATH=$NODEJS_PATH:$NVM_NODE_PATH:$N_NODE_PATH:$XCODE_NODE_PATH:$PATH && node cordova/lib/copy-www-build-step.js";
			showEnvVarsInLog = 0;
		};
/* End PBXShellScriptBuildPhase section */

/* Begin PBXSourcesBuildPhase section */
		1D60588E0D05DD3D006BFB54 /* Sources */ = {
			isa = PBXSourcesBuildPhase;
			buildActionMask = 2147483647;
			files = (
				1D60589B0D05DD56006BFB54 /* main.m in Sources */,
				1D3623260D0F684500981E51 /* AppDelegate.m in Sources */,
				302D95F114D2391D003F00A1 /* MainViewController.m in Sources */,
				C4E907B4229049D58D99532A /* CDVBattery.m in Sources */,
				D7ECADBE79FE40B8B2AF6C6A /* CBTBrowserTab.m in Sources */,
				A3DEEEB5C58F439DB1F50ADB /* CDVBuildInfo.m in Sources */,
				6E8C10B5DD6E4A728480F1DB /* UIImage+CropScaleOrientation.m in Sources */,
				DD3D0BF092E442F28AAB934E /* CDVCamera.m in Sources */,
				6B306998DDF447F78B3CD87E /* CDVJpegHeaderWriter.m in Sources */,
				EE761E8256064010B51AC89C /* CDVDevice.m in Sources */,
				589B4AC2466A4DA88EEC37C2 /* CDVNotification.m in Sources */,
				63F5007CD7AC483EA4CD6800 /* AppDelegate+FirebasePlugin.m in Sources */,
				334311F56DDB49FAAAC5C90F /* FirebasePlugin.m in Sources */,
				F3BCA4D220B64D519883EFD9 /* CDVLocation.m in Sources */,
				16F5B1AE6BC449309B1AA69B /* CDVGlobalization.m in Sources */,
				15CF9F534F0944CFA60A1FEA /* CDVInAppBrowser.m in Sources */,
				52923DC05DB0448CAF334BDD /* CDVConnection.m in Sources */,
				76D4820A52C547108487F241 /* CDVReachability.m in Sources */,
				852F8AE6188049BAA73BF60E /* CDVSplashScreen.m in Sources */,
				BBDEDEE354424F3A89B5F06D /* CDVViewController+SplashScreen.m in Sources */,
				A2E4309B2C134BB0ABF8FB67 /* CDVVibration.m in Sources */,
				156BFFE84A7742858BDAFBB4 /* CULPlugin.m in Sources */,
				207DE2739A8F49E0BBF3F74E /* AppDelegate+CULPlugin.m in Sources */,
				72CB7D391D3F46ADBFB6AB29 /* CDVPluginResult+CULPlugin.m in Sources */,
				1FF36419D9F9408AA1673961 /* CDVInvokedUrlCommand+CULPlugin.m in Sources */,
				E731E84B91C84ED6B23EC6A4 /* CULHost.m in Sources */,
				ADF0513EDF1E4F66A71CCD61 /* CULPath.m in Sources */,
				687DE69784504A8FBD80BC5F /* CULXmlTags.m in Sources */,
				29C098E47BBA4AD09CB059E8 /* CULConfigXmlParser.m in Sources */,
				E144A91E12D14A199E520BC7 /* NSBundle+CULPlugin.m in Sources */,
			);
			runOnlyForDeploymentPostprocessing = 0;
		};
/* End PBXSourcesBuildPhase section */

/* Begin PBXTargetDependency section */
		301BF551109A68C00062928A /* PBXTargetDependency */ = {
			isa = PBXTargetDependency;
			name = CordovaLib;
			targetProxy = 301BF550109A68C00062928A /* PBXContainerItemProxy */;
		};
/* End PBXTargetDependency section */

/* Begin XCBuildConfiguration section */
		1D6058940D05DD3E006BFB54 /* Debug */ = {
			isa = XCBuildConfiguration;
			baseConfigurationReference = 3047A50F1AB8059700498E2A /* build-debug.xcconfig */;
			buildSettings = {
				ALWAYS_SEARCH_USER_PATHS = NO;
				ASSETCATALOG_COMPILER_APPICON_NAME = AppIcon;
				ASSETCATALOG_COMPILER_LAUNCHIMAGE_NAME = LaunchImage;
				CLANG_ENABLE_MODULES = YES;
				CLANG_ENABLE_OBJC_ARC = YES;
				CODE_SIGN_ENTITLEMENTS = "InfluenceMe/Resources/InfluenceMe.entitlements";
				COPY_PHASE_STRIP = NO;
				DEVELOPMENT_TEAM = U6KCDD775X;
				FRAMEWORK_SEARCH_PATHS = (
					"$(inherited)",
					"\"InfluenceMe/Plugins/cordova-plugin-firebase\"",
					"\"InfluenceMe/Plugins/cordova-plugin-firebase\"",
					"\"InfluenceMe/Plugins/cordova-plugin-firebase\"",
					"\"InfluenceMe/Plugins/cordova-plugin-firebase\"",
					"\"InfluenceMe/Plugins/cordova-plugin-firebase\"",
					"\"InfluenceMe/Plugins/cordova-plugin-firebase\"",
					"\"InfluenceMe/Plugins/cordova-plugin-firebase\"",
					"\"InfluenceMe/Plugins/cordova-plugin-firebase\"",
					"\"InfluenceMe/Plugins/cordova-plugin-firebase\"",
					"\"InfluenceMe/Plugins/cordova-plugin-firebase\"",
					"\"InfluenceMe/Plugins/cordova-plugin-firebase\"",
					"\"InfluenceMe/Plugins/cordova-plugin-firebase\"",
					"\"InfluenceMe/Plugins/cordova-plugin-firebase\"",
					"\"InfluenceMe/Plugins/cordova-plugin-firebase\"",
					"\"InfluenceMe/Plugins/cordova-plugin-firebase\"",
					"\"InfluenceMe/Plugins/cordova-plugin-firebase\"",
					"\"InfluenceMe/Plugins/cordova-plugin-firebase\"",
				);
				GCC_DYNAMIC_NO_PIC = NO;
				GCC_OPTIMIZATION_LEVEL = 0;
				GCC_PRECOMPILE_PREFIX_HEADER = YES;
				GCC_PREFIX_HEADER = "InfluenceMe/InfluenceMe-Prefix.pch";
				GCC_THUMB_SUPPORT = NO;
				GCC_VERSION = "";
				INFOPLIST_FILE = "InfluenceMe/InfluenceMe-Info.plist";
				IPHONEOS_DEPLOYMENT_TARGET = 9.0;
				LD_RUNPATH_SEARCH_PATHS = "@executable_path/Frameworks";
				PRODUCT_NAME = InfluenceMe;
				TARGETED_DEVICE_FAMILY = "1,2";
			};
			name = Debug;
		};
		1D6058950D05DD3E006BFB54 /* Release */ = {
			isa = XCBuildConfiguration;
			baseConfigurationReference = 3047A5101AB8059700498E2A /* build-release.xcconfig */;
			buildSettings = {
				ALWAYS_SEARCH_USER_PATHS = NO;
				ASSETCATALOG_COMPILER_APPICON_NAME = AppIcon;
				ASSETCATALOG_COMPILER_LAUNCHIMAGE_NAME = LaunchImage;
				CLANG_ENABLE_MODULES = YES;
				CLANG_ENABLE_OBJC_ARC = YES;
				CODE_SIGN_ENTITLEMENTS = "InfluenceMe/Resources/InfluenceMe.entitlements";
				COPY_PHASE_STRIP = YES;
				DEVELOPMENT_TEAM = U6KCDD775X;
				FRAMEWORK_SEARCH_PATHS = (
					"$(inherited)",
					"\"InfluenceMe/Plugins/cordova-plugin-firebase\"",
					"\"InfluenceMe/Plugins/cordova-plugin-firebase\"",
					"\"InfluenceMe/Plugins/cordova-plugin-firebase\"",
					"\"InfluenceMe/Plugins/cordova-plugin-firebase\"",
					"\"InfluenceMe/Plugins/cordova-plugin-firebase\"",
					"\"InfluenceMe/Plugins/cordova-plugin-firebase\"",
					"\"InfluenceMe/Plugins/cordova-plugin-firebase\"",
					"\"InfluenceMe/Plugins/cordova-plugin-firebase\"",
					"\"InfluenceMe/Plugins/cordova-plugin-firebase\"",
					"\"InfluenceMe/Plugins/cordova-plugin-firebase\"",
					"\"InfluenceMe/Plugins/cordova-plugin-firebase\"",
					"\"InfluenceMe/Plugins/cordova-plugin-firebase\"",
					"\"InfluenceMe/Plugins/cordova-plugin-firebase\"",
					"\"InfluenceMe/Plugins/cordova-plugin-firebase\"",
					"\"InfluenceMe/Plugins/cordova-plugin-firebase\"",
					"\"InfluenceMe/Plugins/cordova-plugin-firebase\"",
					"\"InfluenceMe/Plugins/cordova-plugin-firebase\"",
				);
				GCC_PRECOMPILE_PREFIX_HEADER = YES;
				GCC_PREFIX_HEADER = "InfluenceMe/InfluenceMe-Prefix.pch";
				GCC_THUMB_SUPPORT = NO;
				GCC_VERSION = "";
				INFOPLIST_FILE = "InfluenceMe/InfluenceMe-Info.plist";
				IPHONEOS_DEPLOYMENT_TARGET = 9.0;
				LD_RUNPATH_SEARCH_PATHS = "@executable_path/Frameworks";
				PRODUCT_NAME = InfluenceMe;
				TARGETED_DEVICE_FAMILY = "1,2";
			};
			name = Release;
		};
		C01FCF4F08A954540054247B /* Debug */ = {
			isa = XCBuildConfiguration;
			baseConfigurationReference = 3047A5111AB8059700498E2A /* build.xcconfig */;
			buildSettings = {
				CLANG_ENABLE_MODULES = YES;
				CLANG_ENABLE_OBJC_ARC = YES;
				CLANG_WARN_BOOL_CONVERSION = YES;
				CLANG_WARN_CONSTANT_CONVERSION = YES;
				CLANG_WARN_EMPTY_BODY = YES;
				CLANG_WARN_ENUM_CONVERSION = YES;
				CLANG_WARN_INT_CONVERSION = YES;
				CLANG_WARN__DUPLICATE_METHOD_MATCH = YES;
				CODE_SIGN_ENTITLEMENTS = "InfluenceMe/Resources/InfluenceMe.entitlements";
				GCC_C_LANGUAGE_STANDARD = c99;
				GCC_THUMB_SUPPORT = NO;
				GCC_VERSION = "";
				GCC_WARN_ABOUT_RETURN_TYPE = YES;
				GCC_WARN_UNDECLARED_SELECTOR = YES;
				GCC_WARN_UNINITIALIZED_AUTOS = YES;
				GCC_WARN_UNUSED_FUNCTION = YES;
				GCC_WARN_UNUSED_VARIABLE = YES;
				IPHONEOS_DEPLOYMENT_TARGET = 8.0;
				ONLY_ACTIVE_ARCH = YES;
				SDKROOT = iphoneos;
				SKIP_INSTALL = NO;
			};
			name = Debug;
		};
		C01FCF5008A954540054247B /* Release */ = {
			isa = XCBuildConfiguration;
			baseConfigurationReference = 3047A5111AB8059700498E2A /* build.xcconfig */;
			buildSettings = {
				CLANG_ENABLE_MODULES = YES;
				CLANG_ENABLE_OBJC_ARC = YES;
				CLANG_WARN_BOOL_CONVERSION = YES;
				CLANG_WARN_CONSTANT_CONVERSION = YES;
				CLANG_WARN_EMPTY_BODY = YES;
				CLANG_WARN_ENUM_CONVERSION = YES;
				CLANG_WARN_INT_CONVERSION = YES;
				CLANG_WARN__DUPLICATE_METHOD_MATCH = YES;
				CODE_SIGN_ENTITLEMENTS = "InfluenceMe/Resources/InfluenceMe.entitlements";
				GCC_C_LANGUAGE_STANDARD = c99;
				GCC_THUMB_SUPPORT = NO;
				GCC_VERSION = "";
				GCC_WARN_ABOUT_RETURN_TYPE = YES;
				GCC_WARN_UNDECLARED_SELECTOR = YES;
				GCC_WARN_UNINITIALIZED_AUTOS = YES;
				GCC_WARN_UNUSED_FUNCTION = YES;
				GCC_WARN_UNUSED_VARIABLE = YES;
				IPHONEOS_DEPLOYMENT_TARGET = 8.0;
				SDKROOT = iphoneos;
				SKIP_INSTALL = NO;
			};
			name = Release;
		};
/* End XCBuildConfiguration section */

/* Begin XCConfigurationList section */
		1D6058960D05DD3E006BFB54 /* Build configuration list for PBXNativeTarget "InfluenceMe" */ = {
			isa = XCConfigurationList;
			buildConfigurations = (
				1D6058940D05DD3E006BFB54 /* Debug */,
				1D6058950D05DD3E006BFB54 /* Release */,
			);
			defaultConfigurationIsVisible = 0;
			defaultConfigurationName = Release;
		};
		C01FCF4E08A954540054247B /* Build configuration list for PBXProject "InfluenceMe" */ = {
			isa = XCConfigurationList;
			buildConfigurations = (
				C01FCF4F08A954540054247B /* Debug */,
				C01FCF5008A954540054247B /* Release */,
			);
			defaultConfigurationIsVisible = 0;
			defaultConfigurationName = Release;
		};
/* End XCConfigurationList section */
	};
	rootObject = 29B97313FDCFA39411CA2CEA /* Project object */;
}
